
Microsoft Visual Studio Solution File, Format Version 12.00
# Visual Studio Version 17
VisualStudioVersion = 17.3.32922.545
MinimumVisualStudioVersion = 10.0.40219.1
Project("{FAE04EC0-301F-11D3-BF4B-00C04F79EFBC}") = "InfixNotationTask", "InfixNotationTask\InfixNotationTask.csproj", "{AFA60F6B-60AA-4622-AE15-E187F5FFB3A4}"
EndProject
Project("{FAE04EC0-301F-11D3-BF4B-00C04F79EFBC}") = "InfixNotationTaskTests", "InfixNotationTaskTests\InfixNotationTaskTests.csproj", "{6A9FED74-EE90-4AE8-A575-DF0EEFFD8D07}"
EndProject
Global
	GlobalSection(SolutionConfigurationPlatforms) = preSolution
		Debug|Any CPU = Debug|Any CPU
		Release|Any CPU = Release|Any CPU
	EndGlobalSection
	GlobalSection(ProjectConfigurationPlatforms) = postSolution
		{AFA60F6B-60AA-4622-AE15-E187F5FFB3A4}.Debug|Any CPU.ActiveCfg = Debug|Any CPU
		{AFA60F6B-60AA-4622-AE15-E187F5FFB3A4}.Debug|Any CPU.Build.0 = Debug|Any CPU
		{AFA60F6B-60AA-4622-AE15-E187F5FFB3A4}.Release|Any CPU.ActiveCfg = Release|Any CPU
		{AFA60F6B-60AA-4622-AE15-E187F5FFB3A4}.Release|Any CPU.Build.0 = Release|Any CPU
		{6A9FED74-EE90-4AE8-A575-DF0EEFFD8D07}.Debug|Any CPU.ActiveCfg = Debug|Any CPU
		{6A9FED74-EE90-4AE8-A575-DF0EEFFD8D07}.Debug|Any CPU.Build.0 = Debug|Any CPU
		{6A9FED74-EE90-4AE8-A575-DF0EEFFD8D07}.Release|Any CPU.ActiveCfg = Release|Any CPU
		{6A9FED74-EE90-4AE8-A575-DF0EEFFD8D07}.Release|Any CPU.Build.0 = Release|Any CPU
	EndGlobalSection
	GlobalSection(SolutionProperties) = preSolution
		HideSolutionNode = FALSE
	EndGlobalSection
	GlobalSection(ExtensibilityGlobals) = postSolution
		SolutionGuid = {45C6D815-C682-40D6-8C06-2AC9B3CE0930}
	EndGlobalSection
EndGlobal
